
Microsoft Visual Studio Solution File, Format Version 11.00
# Visual Studio 2010
Project("{8BC9CEB8-8B4A-11D0-8D11-00A0C91BC942}") = "Copter Battle", "Copter Battle\Copter Battle.vcxproj", "{C40E28C0-8CF6-4817-8FFF-0AEC35EFE45A}"
EndProject
Global
	GlobalSection(SolutionConfigurationPlatforms) = preSolution
		Debug|Win32 = Debug|Win32
		Release|Win32 = Release|Win32
	EndGlobalSection
	GlobalSection(ProjectConfigurationPlatforms) = postSolution
		{C40E28C0-8CF6-4817-8FFF-0AEC35EFE45A}.Debug|Win32.ActiveCfg = Debug|Win32
		{C40E28C0-8CF6-4817-8FFF-0AEC35EFE45A}.Debug|Win32.Build.0 = Debug|Win32
		{C40E28C0-8CF6-4817-8FFF-0AEC35EFE45A}.Release|Win32.ActiveCfg = Release|Win32
		{C40E28C0-8CF6-4817-8FFF-0AEC35EFE45A}.Release|Win32.Build.0 = Release|Win32
	EndGlobalSection
	GlobalSection(SolutionProperties) = preSolution
		HideSolutionNode = FALSE
	EndGlobalSection
EndGlobal
